
Microsoft Visual Studio Solution File, Format Version 12.00
# Visual Studio Version 17
VisualStudioVersion = 17.11.35303.130
MinimumVisualStudioVersion = 10.0.40219.1
Project("{FAE04EC0-301F-11D3-BF4B-00C04F79EFBC}") = "WindowsForms_Timer", "WindowsForms_Timer.csproj", "{DAE22914-546F-4E1D-9365-34C4E88C7762}"
EndProject
Global
	GlobalSection(SolutionConfigurationPlatforms) = preSolution
		Debug|Any CPU = Debug|Any CPU
		Release|Any CPU = Release|Any CPU
	EndGlobalSection
	GlobalSection(ProjectConfigurationPlatforms) = postSolution
		{DAE22914-546F-4E1D-9365-34C4E88C7762}.Debug|Any CPU.ActiveCfg = Debug|Any CPU
		{DAE22914-546F-4E1D-9365-34C4E88C7762}.Debug|Any CPU.Build.0 = Debug|Any CPU
		{DAE22914-546F-4E1D-9365-34C4E88C7762}.Release|Any CPU.ActiveCfg = Release|Any CPU
		{DAE22914-546F-4E1D-9365-34C4E88C7762}.Release|Any CPU.Build.0 = Release|Any CPU
	EndGlobalSection
	GlobalSection(SolutionProperties) = preSolution
		HideSolutionNode = FALSE
	EndGlobalSection
	GlobalSection(ExtensibilityGlobals) = postSolution
		SolutionGuid = {46975885-5885-4E06-A440-D374B1AB106B}
	EndGlobalSection
EndGlobal
